// !$*UTF8*$!
{
	archiveVersion = 1;
	classes = {
	};
	objectVersion = 56;
	objects = {

/* Begin PBXBuildFile section */
		C0520D392997AE0400E543D7 /* AppDelegate.swift in Sources */ = {isa = PBXBuildFile; fileRef = C0520D382997AE0400E543D7 /* AppDelegate.swift */; };
		C0520D3B2997AE0400E543D7 /* SceneDelegate.swift in Sources */ = {isa = PBXBuildFile; fileRef = C0520D3A2997AE0400E543D7 /* SceneDelegate.swift */; };
		C0520D3D2997AE0400E543D7 /* LoginVC.swift in Sources */ = {isa = PBXBuildFile; fileRef = C0520D3C2997AE0400E543D7 /* LoginVC.swift */; };
		C0520D402997AE0400E543D7 /* Main.storyboard in Resources */ = {isa = PBXBuildFile; fileRef = C0520D3E2997AE0400E543D7 /* Main.storyboard */; };
		C0520D422997AE0500E543D7 /* Assets.xcassets in Resources */ = {isa = PBXBuildFile; fileRef = C0520D412997AE0500E543D7 /* Assets.xcassets */; };
		C0520D452997AE0500E543D7 /* LaunchScreen.storyboard in Resources */ = {isa = PBXBuildFile; fileRef = C0520D432997AE0500E543D7 /* LaunchScreen.storyboard */; };
		C0520D4D2997AE5B00E543D7 /* HomeVC.swift in Sources */ = {isa = PBXBuildFile; fileRef = C0520D4C2997AE5B00E543D7 /* HomeVC.swift */; };
		C0520D4F2997B0DD00E543D7 /* User.swift in Sources */ = {isa = PBXBuildFile; fileRef = C0520D4E2997B0DD00E543D7 /* User.swift */; };
		C0520D512997B2DB00E543D7 /* LoginViewModel.swift in Sources */ = {isa = PBXBuildFile; fileRef = C0520D502997B2DB00E543D7 /* LoginViewModel.swift */; };
		C0520D542997B49E00E543D7 /* ObservableObject.swift in Sources */ = {isa = PBXBuildFile; fileRef = C0520D532997B49E00E543D7 /* ObservableObject.swift */; };
		C0520D562997BA9800E543D7 /* NetworkService.swift in Sources */ = {isa = PBXBuildFile; fileRef = C0520D552997BA9800E543D7 /* NetworkService.swift */; };
		C0520D592997CF7400E543D7 /* HomeViewModel.swift in Sources */ = {isa = PBXBuildFile; fileRef = C0520D582997CF7400E543D7 /* HomeViewModel.swift */; };
/* End PBXBuildFile section */

/* Begin PBXFileReference section */
		C0520D352997AE0400E543D7 /* MVVM.app */ = {isa = PBXFileReference; explicitFileType = wrapper.application; includeInIndex = 0; path = MVVM.app; sourceTree = BUILT_PRODUCTS_DIR; };
		C0520D382997AE0400E543D7 /* AppDelegate.swift */ = {isa = PBXFileReference; lastKnownFileType = sourcecode.swift; path = AppDelegate.swift; sourceTree = "<group>"; };
		C0520D3A2997AE0400E543D7 /* SceneDelegate.swift */ = {isa = PBXFileReference; lastKnownFileType = sourcecode.swift; path = SceneDelegate.swift; sourceTree = "<group>"; };
		C0520D3C2997AE0400E543D7 /* LoginVC.swift */ = {isa = PBXFileReference; lastKnownFileType = sourcecode.swift; path = LoginVC.swift; sourceTree = "<group>"; };
		C0520D3F2997AE0400E543D7 /* Base */ = {isa = PBXFileReference; lastKnownFileType = file.storyboard; name = Base; path = Base.lproj/Main.storyboard; sourceTree = "<group>"; };
		C0520D412997AE0500E543D7 /* Assets.xcassets */ = {isa = PBXFileReference; lastKnownFileType = folder.assetcatalog; path = Assets.xcassets; sourceTree = "<group>"; };
		C0520D442997AE0500E543D7 /* Base */ = {isa = PBXFileReference; lastKnownFileType = file.storyboard; name = Base; path = Base.lproj/LaunchScreen.storyboard; sourceTree = "<group>"; };
		C0520D462997AE0500E543D7 /* Info.plist */ = {isa = PBXFileReference; lastKnownFileType = text.plist.xml; path = Info.plist; sourceTree = "<group>"; };
		C0520D4C2997AE5B00E543D7 /* HomeVC.swift */ = {isa = PBXFileReference; lastKnownFileType = sourcecode.swift; path = HomeVC.swift; sourceTree = "<group>"; };
		C0520D4E2997B0DD00E543D7 /* User.swift */ = {isa = PBXFileReference; lastKnownFileType = sourcecode.swift; path = User.swift; sourceTree = "<group>"; };
		C0520D502997B2DB00E543D7 /* LoginViewModel.swift */ = {isa = PBXFileReference; lastKnownFileType = sourcecode.swift; path = LoginViewModel.swift; sourceTree = "<group>"; };
		C0520D532997B49E00E543D7 /* ObservableObject.swift */ = {isa = PBXFileReference; lastKnownFileType = sourcecode.swift; path = ObservableObject.swift; sourceTree = "<group>"; };
		C0520D552997BA9800E543D7 /* NetworkService.swift */ = {isa = PBXFileReference; lastKnownFileType = sourcecode.swift; path = NetworkService.swift; sourceTree = "<group>"; };
		C0520D582997CF7400E543D7 /* HomeViewModel.swift */ = {isa = PBXFileReference; lastKnownFileType = sourcecode.swift; path = HomeViewModel.swift; sourceTree = "<group>"; };
/* End PBXFileReference section */

/* Begin PBXFrameworksBuildPhase section */
		C0520D322997AE0400E543D7 /* Frameworks */ = {
			isa = PBXFrameworksBuildPhase;
			buildActionMask = 2147483647;
			files = (
			);
			runOnlyForDeploymentPostprocessing = 0;
		};
/* End PBXFrameworksBuildPhase section */

/* Begin PBXGroup section */
		C0520D2C2997AE0400E543D7 = {
			isa = PBXGroup;
			children = (
				C0520D372997AE0400E543D7 /* MVVM */,
				C0520D362997AE0400E543D7 /* Products */,
			);
			sourceTree = "<group>";
		};
		C0520D362997AE0400E543D7 /* Products */ = {
			isa = PBXGroup;
			children = (
				C0520D352997AE0400E543D7 /* MVVM.app */,
			);
			name = Products;
			sourceTree = "<group>";
		};
		C0520D372997AE0400E543D7 /* MVVM */ = {
			isa = PBXGroup;
			children = (
				C0520D5C2997D85E00E543D7 /* Model */,
				C0520D522997B2EC00E543D7 /* Login */,
				C0520D572997CF6400E543D7 /* Home */,
				C0520D5B2997D83800E543D7 /* NetworkService */,
				C0520D5A2997D80500E543D7 /* ObservableObject */,
				C0520D382997AE0400E543D7 /* AppDelegate.swift */,
				C0520D3A2997AE0400E543D7 /* SceneDelegate.swift */,
				C0520D3E2997AE0400E543D7 /* Main.storyboard */,
				C0520D412997AE0500E543D7 /* Assets.xcassets */,
				C0520D432997AE0500E543D7 /* LaunchScreen.storyboard */,
				C0520D462997AE0500E543D7 /* Info.plist */,
			);
			path = MVVM;
			sourceTree = "<group>";
		};
		C0520D522997B2EC00E543D7 /* Login */ = {
			isa = PBXGroup;
			children = (
				C0520D3C2997AE0400E543D7 /* LoginVC.swift */,
				C0520D502997B2DB00E543D7 /* LoginViewModel.swift */,
			);
			path = Login;
			sourceTree = "<group>";
		};
		C0520D572997CF6400E543D7 /* Home */ = {
			isa = PBXGroup;
			children = (
				C0520D4C2997AE5B00E543D7 /* HomeVC.swift */,
				C0520D582997CF7400E543D7 /* HomeViewModel.swift */,
			);
			path = Home;
			sourceTree = "<group>";
		};
		C0520D5A2997D80500E543D7 /* ObservableObject */ = {
			isa = PBXGroup;
			children = (
				C0520D532997B49E00E543D7 /* ObservableObject.swift */,
			);
			path = ObservableObject;
			sourceTree = "<group>";
		};
		C0520D5B2997D83800E543D7 /* NetworkService */ = {
			isa = PBXGroup;
			children = (
				C0520D552997BA9800E543D7 /* NetworkService.swift */,
			);
			path = NetworkService;
			sourceTree = "<group>";
		};
		C0520D5C2997D85E00E543D7 /* Model */ = {
			isa = PBXGroup;
			children = (
				C0520D4E2997B0DD00E543D7 /* User.swift */,
			);
			path = Model;
			sourceTree = "<group>";
		};
/* End PBXGroup section */

/* Begin PBXNativeTarget section */
		C0520D342997AE0400E543D7 /* MVVM */ = {
			isa = PBXNativeTarget;
			buildConfigurationList = C0520D492997AE0500E543D7 /* Build configuration list for PBXNativeTarget "MVVM" */;
			buildPhases = (
				C0520D312997AE0400E543D7 /* Sources */,
				C0520D322997AE0400E543D7 /* Frameworks */,
				C0520D332997AE0400E543D7 /* Resources */,
			);
			buildRules = (
			);
			dependencies = (
			);
			name = MVVM;
			productName = MVVM;
			productReference = C0520D352997AE0400E543D7 /* MVVM.app */;
			productType = "com.apple.product-type.application";
		};
/* End PBXNativeTarget section */

/* Begin PBXProject section */
		C0520D2D2997AE0400E543D7 /* Project object */ = {
			isa = PBXProject;
			attributes = {
				BuildIndependentTargetsInParallel = 1;
				LastSwiftUpdateCheck = 1420;
				LastUpgradeCheck = 1420;
				TargetAttributes = {
					C0520D342997AE0400E543D7 = {
						CreatedOnToolsVersion = 14.2;
					};
				};
			};
			buildConfigurationList = C0520D302997AE0400E543D7 /* Build configuration list for PBXProject "MVVM" */;
			compatibilityVersion = "Xcode 14.0";
			developmentRegion = en;
			hasScannedForEncodings = 0;
			knownRegions = (
				en,
				Base,
			);
			mainGroup = C0520D2C2997AE0400E543D7;
			productRefGroup = C0520D362997AE0400E543D7 /* Products */;
			projectDirPath = "";
			projectRoot = "";
			targets = (
				C0520D342997AE0400E543D7 /* MVVM */,
			);
		};
/* End PBXProject section */

/* Begin PBXResourcesBuildPhase section */
		C0520D332997AE0400E543D7 /* Resources */ = {
			isa = PBXResourcesBuildPhase;
			buildActionMask = 2147483647;
			files = (
				C0520D452997AE0500E543D7 /* LaunchScreen.storyboard in Resources */,
				C0520D422997AE0500E543D7 /* Assets.xcassets in Resources */,
				C0520D402997AE0400E543D7 /* Main.storyboard in Resources */,
			);
			runOnlyForDeploymentPostprocessing = 0;
		};
/* End PBXResourcesBuildPhase section */

/* Begin PBXSourcesBuildPhase section */
		C0520D312997AE0400E543D7 /* Sources */ = {
			isa = PBXSourcesBuildPhase;
			buildActionMask = 2147483647;
			files = (
				C0520D3D2997AE0400E543D7 /* LoginVC.swift in Sources */,
				C0520D592997CF7400E543D7 /* HomeViewModel.swift in Sources */,
				C0520D4D2997AE5B00E543D7 /* HomeVC.swift in Sources */,
				C0520D562997BA9800E543D7 /* NetworkService.swift in Sources */,
				C0520D512997B2DB00E543D7 /* LoginViewModel.swift in Sources */,
				C0520D392997AE0400E543D7 /* AppDelegate.swift in Sources */,
				C0520D542997B49E00E543D7 /* ObservableObject.swift in Sources */,
				C0520D4F2997B0DD00E543D7 /* User.swift in Sources */,
				C0520D3B2997AE0400E543D7 /* SceneDelegate.swift in Sources */,
			);
			runOnlyForDeploymentPostprocessing = 0;
		};
/* End PBXSourcesBuildPhase section */

/* Begin PBXVariantGroup section */
		C0520D3E2997AE0400E543D7 /* Main.storyboard */ = {
			isa = PBXVariantGroup;
			children = (
				C0520D3F2997AE0400E543D7 /* Base */,
			);
			name = Main.storyboard;
			sourceTree = "<group>";
		};
		C0520D432997AE0500E543D7 /* LaunchScreen.storyboard */ = {
			isa = PBXVariantGroup;
			children = (
				C0520D442997AE0500E543D7 /* Base */,
			);
			name = LaunchScreen.storyboard;
			sourceTree = "<group>";
		};
/* End PBXVariantGroup section */

/* Begin XCBuildConfiguration section */
		C0520D472997AE0500E543D7 /* Debug */ = {
			isa = XCBuildConfiguration;
			buildSettings = {
				ALWAYS_SEARCH_USER_PATHS = NO;
				CLANG_ANALYZER_NONNULL = YES;
				CLANG_ANALYZER_NUMBER_OBJECT_CONVERSION = YES_AGGRESSIVE;
				CLANG_CXX_LANGUAGE_STANDARD = "gnu++20";
				CLANG_ENABLE_MODULES = YES;
				CLANG_ENABLE_OBJC_ARC = YES;
				CLANG_ENABLE_OBJC_WEAK = YES;
				CLANG_WARN_BLOCK_CAPTURE_AUTORELEASING = YES;
				CLANG_WARN_BOOL_CONVERSION = YES;
				CLANG_WARN_COMMA = YES;
				CLANG_WARN_CONSTANT_CONVERSION = YES;
				CLANG_WARN_DEPRECATED_OBJC_IMPLEMENTATIONS = YES;
				CLANG_WARN_DIRECT_OBJC_ISA_USAGE = YES_ERROR;
				CLANG_WARN_DOCUMENTATION_COMMENTS = YES;
				CLANG_WARN_EMPTY_BODY = YES;
				CLANG_WARN_ENUM_CONVERSION = YES;
				CLANG_WARN_INFINITE_RECURSION = YES;
				CLANG_WARN_INT_CONVERSION = YES;
				CLANG_WARN_NON_LITERAL_NULL_CONVERSION = YES;
				CLANG_WARN_OBJC_IMPLICIT_RETAIN_SELF = YES;
				CLANG_WARN_OBJC_LITERAL_CONVERSION = YES;
				CLANG_WARN_OBJC_ROOT_CLASS = YES_ERROR;
				CLANG_WARN_QUOTED_INCLUDE_IN_FRAMEWORK_HEADER = YES;
				CLANG_WARN_RANGE_LOOP_ANALYSIS = YES;
				CLANG_WARN_STRICT_PROTOTYPES = YES;
				CLANG_WARN_SUSPICIOUS_MOVE = YES;
				CLANG_WARN_UNGUARDED_AVAILABILITY = YES_AGGRESSIVE;
				CLANG_WARN_UNREACHABLE_CODE = YES;
				CLANG_WARN__DUPLICATE_METHOD_MATCH = YES;
				COPY_PHASE_STRIP = NO;
				DEBUG_INFORMATION_FORMAT = dwarf;
				ENABLE_STRICT_OBJC_MSGSEND = YES;
				ENABLE_TESTABILITY = YES;
				GCC_C_LANGUAGE_STANDARD = gnu11;
				GCC_DYNAMIC_NO_PIC = NO;
				GCC_NO_COMMON_BLOCKS = YES;
				GCC_OPTIMIZATION_LEVEL = 0;
				GCC_PREPROCESSOR_DEFINITIONS = (
					"DEBUG=1",
					"$(inherited)",
				);
				GCC_WARN_64_TO_32_BIT_CONVERSION = YES;
				GCC_WARN_ABOUT_RETURN_TYPE = YES_ERROR;
				GCC_WARN_UNDECLARED_SELECTOR = YES;
				GCC_WARN_UNINITIALIZED_AUTOS = YES_AGGRESSIVE;
				GCC_WARN_UNUSED_FUNCTION = YES;
				GCC_WARN_UNUSED_VARIABLE = YES;
				IPHONEOS_DEPLOYMENT_TARGET = 16.2;
				MTL_ENABLE_DEBUG_INFO = INCLUDE_SOURCE;
				MTL_FAST_MATH = YES;
				ONLY_ACTIVE_ARCH = YES;
				SDKROOT = iphoneos;
				SWIFT_ACTIVE_COMPILATION_CONDITIONS = DEBUG;
				SWIFT_OPTIMIZATION_LEVEL = "-Onone";
			};
			name = Debug;
		};
		C0520D482997AE0500E543D7 /* Release */ = {
			isa = XCBuildConfiguration;
			buildSettings = {
				ALWAYS_SEARCH_USER_PATHS = NO;
				CLANG_ANALYZER_NONNULL = YES;
				CLANG_ANALYZER_NUMBER_OBJECT_CONVERSION = YES_AGGRESSIVE;
				CLANG_CXX_LANGUAGE_STANDARD = "gnu++20";
				CLANG_ENABLE_MODULES = YES;
				CLANG_ENABLE_OBJC_ARC = YES;
				CLANG_ENABLE_OBJC_WEAK = YES;
				CLANG_WARN_BLOCK_CAPTURE_AUTORELEASING = YES;
				CLANG_WARN_BOOL_CONVERSION = YES;
				CLANG_WARN_COMMA = YES;
				CLANG_WARN_CONSTANT_CONVERSION = YES;
				CLANG_WARN_DEPRECATED_OBJC_IMPLEMENTATIONS = YES;
				CLANG_WARN_DIRECT_OBJC_ISA_USAGE = YES_ERROR;
				CLANG_WARN_DOCUMENTATION_COMMENTS = YES;
				CLANG_WARN_EMPTY_BODY = YES;
				CLANG_WARN_ENUM_CONVERSION = YES;
				CLANG_WARN_INFINITE_RECURSION = YES;
				CLANG_WARN_INT_CONVERSION = YES;
				CLANG_WARN_NON_LITERAL_NULL_CONVERSION = YES;
				CLANG_WARN_OBJC_IMPLICIT_RETAIN_SELF = YES;
				CLANG_WARN_OBJC_LITERAL_CONVERSION = YES;
				CLANG_WARN_OBJC_ROOT_CLASS = YES_ERROR;
				CLANG_WARN_QUOTED_INCLUDE_IN_FRAMEWORK_HEADER = YES;
				CLANG_WARN_RANGE_LOOP_ANALYSIS = YES;
				CLANG_WARN_STRICT_PROTOTYPES = YES;
				CLANG_WARN_SUSPICIOUS_MOVE = YES;
				CLANG_WARN_UNGUARDED_AVAILABILITY = YES_AGGRESSIVE;
				CLANG_WARN_UNREACHABLE_CODE = YES;
				CLANG_WARN__DUPLICATE_METHOD_MATCH = YES;
				COPY_PHASE_STRIP = NO;
				DEBUG_INFORMATION_FORMAT = "dwarf-with-dsym";
				ENABLE_NS_ASSERTIONS = NO;
				ENABLE_STRICT_OBJC_MSGSEND = YES;
				GCC_C_LANGUAGE_STANDARD = gnu11;
				GCC_NO_COMMON_BLOCKS = YES;
				GCC_WARN_64_TO_32_BIT_CONVERSION = YES;
				GCC_WARN_ABOUT_RETURN_TYPE = YES_ERROR;
				GCC_WARN_UNDECLARED_SELECTOR = YES;
				GCC_WARN_UNINITIALIZED_AUTOS = YES_AGGRESSIVE;
				GCC_WARN_UNUSED_FUNCTION = YES;
				GCC_WARN_UNUSED_VARIABLE = YES;
				IPHONEOS_DEPLOYMENT_TARGET = 16.2;
				MTL_ENABLE_DEBUG_INFO = NO;
				MTL_FAST_MATH = YES;
				SDKROOT = iphoneos;
				SWIFT_COMPILATION_MODE = wholemodule;
				SWIFT_OPTIMIZATION_LEVEL = "-O";
				VALIDATE_PRODUCT = YES;
			};
			name = Release;
		};
		C0520D4A2997AE0500E543D7 /* Debug */ = {
			isa = XCBuildConfiguration;
			buildSettings = {
				ASSETCATALOG_COMPILER_APPICON_NAME = AppIcon;
				ASSETCATALOG_COMPILER_GLOBAL_ACCENT_COLOR_NAME = AccentColor;
				CODE_SIGN_STYLE = Automatic;
				CURRENT_PROJECT_VERSION = 1;
				DEVELOPMENT_TEAM = H3LG7777TR;
				GENERATE_INFOPLIST_FILE = YES;
				INFOPLIST_FILE = MVVM/Info.plist;
				INFOPLIST_KEY_UIApplicationSupportsIndirectInputEvents = YES;
				INFOPLIST_KEY_UILaunchStoryboardName = LaunchScreen;
				INFOPLIST_KEY_UIMainStoryboardFile = Main;
				INFOPLIST_KEY_UISupportedInterfaceOrientations_iPad = "UIInterfaceOrientationPortrait UIInterfaceOrientationPortraitUpsideDown UIInterfaceOrientationLandscapeLeft UIInterfaceOrientationLandscapeRight";
				INFOPLIST_KEY_UISupportedInterfaceOrientations_iPhone = "UIInterfaceOrientationPortrait UIInterfaceOrientationLandscapeLeft UIInterfaceOrientationLandscapeRight";
				LD_RUNPATH_SEARCH_PATHS = (
					"$(inherited)",
					"@executable_path/Frameworks",
				);
				MARKETING_VERSION = 1.0;
				PRODUCT_BUNDLE_IDENTIFIER = com.berksan.MVVM;
				PRODUCT_NAME = "$(TARGET_NAME)";
				SWIFT_EMIT_LOC_STRINGS = YES;
				SWIFT_VERSION = 5.0;
				TARGETED_DEVICE_FAMILY = "1,2";
			};
			name = Debug;
		};
		C0520D4B2997AE0500E543D7 /* Release */ = {
			isa = XCBuildConfiguration;
			buildSettings = {
				ASSETCATALOG_COMPILER_APPICON_NAME = AppIcon;
				ASSETCATALOG_COMPILER_GLOBAL_ACCENT_COLOR_NAME = AccentColor;
				CODE_SIGN_STYLE = Automatic;
				CURRENT_PROJECT_VERSION = 1;
				DEVELOPMENT_TEAM = H3LG7777TR;
				GENERATE_INFOPLIST_FILE = YES;
				INFOPLIST_FILE = MVVM/Info.plist;
				INFOPLIST_KEY_UIApplicationSupportsIndirectInputEvents = YES;
				INFOPLIST_KEY_UILaunchStoryboardName = LaunchScreen;
				INFOPLIST_KEY_UIMainStoryboardFile = Main;
				INFOPLIST_KEY_UISupportedInterfaceOrientations_iPad = "UIInterfaceOrientationPortrait UIInterfaceOrientationPortraitUpsideDown UIInterfaceOrientationLandscapeLeft UIInterfaceOrientationLandscapeRight";
				INFOPLIST_KEY_UISupportedInterfaceOrientations_iPhone = "UIInterfaceOrientationPortrait UIInterfaceOrientationLandscapeLeft UIInterfaceOrientationLandscapeRight";
				LD_RUNPATH_SEARCH_PATHS = (
					"$(inherited)",
					"@executable_path/Frameworks",
				);
				MARKETING_VERSION = 1.0;
				PRODUCT_BUNDLE_IDENTIFIER = com.berksan.MVVM;
				PRODUCT_NAME = "$(TARGET_NAME)";
				SWIFT_EMIT_LOC_STRINGS = YES;
				SWIFT_VERSION = 5.0;
				TARGETED_DEVICE_FAMILY = "1,2";
			};
			name = Release;
		};
/* End XCBuildConfiguration section */

/* Begin XCConfigurationList section */
		C0520D302997AE0400E543D7 /* Build configuration list for PBXProject "MVVM" */ = {
			isa = XCConfigurationList;
			buildConfigurations = (
				C0520D472997AE0500E543D7 /* Debug */,
				C0520D482997AE0500E543D7 /* Release */,
			);
			defaultConfigurationIsVisible = 0;
			defaultConfigurationName = Release;
		};
		C0520D492997AE0500E543D7 /* Build configuration list for PBXNativeTarget "MVVM" */ = {
			isa = XCConfigurationList;
			buildConfigurations = (
				C0520D4A2997AE0500E543D7 /* Debug */,
				C0520D4B2997AE0500E543D7 /* Release */,
			);
			defaultConfigurationIsVisible = 0;
			defaultConfigurationName = Release;
		};
/* End XCConfigurationList section */
	};
	rootObject = C0520D2D2997AE0400E543D7 /* Project object */;
}
